{
  "name": "FirstTest",
  "lockfileVersion": 3,
  "requires": true,
  "packages": {
    "": {
      "dependencies": {
        "@rive-app/canvas": "^2.25.2"
      }
    },
    "node_modules/@rive-app/canvas": {
      "version": "2.25.2",
      "resolved": "https://registry.npmjs.org/@rive-app/canvas/-/canvas-2.25.2.tgz",
      "integrity": "sha512-6iCWnr1VG1su9e9ZUV+gA38+LEBfpYkzCkx4MvBe0FwkYaFeHybj2bLwEr8AYBlxfqWBI5mTEiA5NWWwZeyZiA==",
      "license": "MIT"
    }
  }
}
